{
  "name": "mazee",
  "lockfileVersion": 2,
  "requires": true,
  "packages": {
    "": {
      "dependencies": {
        "@fontsource/plus-jakarta-sans": "^5.2.5"
      }
    },
    "node_modules/@fontsource/plus-jakarta-sans": {
      "version": "5.2.5",
      "resolved": "https://registry.npmjs.org/@fontsource/plus-jakarta-sans/-/plus-jakarta-sans-5.2.5.tgz",
      "integrity": "sha512-2QBEymhsrpomwXrDygLwolOPOjRGDLDT+Pezo+SsnapcQ1z0n4qXzhC+EVmTZ0yxrQvqdc0kcb9EUd0eWmj9Jw==",
      "funding": {
        "url": "https://github.com/sponsors/ayuhito"
      }
    }
  },
  "dependencies": {
    "@fontsource/plus-jakarta-sans": {
      "version": "5.2.5",
      "resolved": "https://registry.npmjs.org/@fontsource/plus-jakarta-sans/-/plus-jakarta-sans-5.2.5.tgz",
      "integrity": "sha512-2QBEymhsrpomwXrDygLwolOPOjRGDLDT+Pezo+SsnapcQ1z0n4qXzhC+EVmTZ0yxrQvqdc0kcb9EUd0eWmj9Jw=="
    }
  }
}
